
Microsoft Visual Studio Solution File, Format Version 12.00
# Visual Studio Version 16
VisualStudioVersion = 16.0.29411.108
MinimumVisualStudioVersion = 10.0.40219.1
Project("{FAE04EC0-301F-11D3-BF4B-00C04F79EFBC}") = "MathPow", "MathPow\MathPow.csproj", "{8B3CE58A-EA3B-44E2-89C2-3196B3DBE810}"
EndProject
Global
	GlobalSection(SolutionConfigurationPlatforms) = preSolution
		Debug|Any CPU = Debug|Any CPU
		Release|Any CPU = Release|Any CPU
	EndGlobalSection
	GlobalSection(ProjectConfigurationPlatforms) = postSolution
		{8B3CE58A-EA3B-44E2-89C2-3196B3DBE810}.Debug|Any CPU.ActiveCfg = Debug|Any CPU
		{8B3CE58A-EA3B-44E2-89C2-3196B3DBE810}.Debug|Any CPU.Build.0 = Debug|Any CPU
		{8B3CE58A-EA3B-44E2-89C2-3196B3DBE810}.Release|Any CPU.ActiveCfg = Release|Any CPU
		{8B3CE58A-EA3B-44E2-89C2-3196B3DBE810}.Release|Any CPU.Build.0 = Release|Any CPU
	EndGlobalSection
	GlobalSection(SolutionProperties) = preSolution
		HideSolutionNode = FALSE
	EndGlobalSection
	GlobalSection(ExtensibilityGlobals) = postSolution
		SolutionGuid = {88F1A7F9-8191-4797-90AD-1EBE35E1F184}
	EndGlobalSection
EndGlobal
